// !$*UTF8*$!
{
	archiveVersion = 1;
	classes = {
	};
	objectVersion = 56;
	objects = {

/* Begin PBXBuildFile section */
		747DEACE2E128E3600333614 /* TableViewController.swift in Sources */ = {isa = PBXBuildFile; fileRef = 747DEACD2E128E3600333614 /* TableViewController.swift */; };
		748CDE8C2E1462C300B2FED0 /* CollectionPaginatiomMovieCell.swift in Sources */ = {isa = PBXBuildFile; fileRef = 748CDE8B2E1462C300B2FED0 /* CollectionPaginatiomMovieCell.swift */; };
		74E680D32E12AF5B009DB348 /* BaseNavigationController.swift in Sources */ = {isa = PBXBuildFile; fileRef = 74E680D22E12AF5B009DB348 /* BaseNavigationController.swift */; };
		74E680DD2E12C11D009DB348 /* UIView+Gradient.swift in Sources */ = {isa = PBXBuildFile; fileRef = 74E680DC2E12C11D009DB348 /* UIView+Gradient.swift */; };
		74E680DF2E12C7D6009DB348 /* Movie.swift in Sources */ = {isa = PBXBuildFile; fileRef = 74E680DE2E12C7D6009DB348 /* Movie.swift */; };
		74E680E12E12CC84009DB348 /* TableMovieCell.swift in Sources */ = {isa = PBXBuildFile; fileRef = 74E680E02E12CC84009DB348 /* TableMovieCell.swift */; };
		74E680E32E12CCB8009DB348 /* CollectionMovieCell.swift in Sources */ = {isa = PBXBuildFile; fileRef = 74E680E22E12CCB8009DB348 /* CollectionMovieCell.swift */; };
		74E680E52E12CDF2009DB348 /* NetworkManager.swift in Sources */ = {isa = PBXBuildFile; fileRef = 74E680E42E12CDF2009DB348 /* NetworkManager.swift */; };
		74E680E72E12CE33009DB348 /* Constants.swift in Sources */ = {isa = PBXBuildFile; fileRef = 74E680E62E12CE33009DB348 /* Constants.swift */; };
		74E680E92E12CE98009DB348 /* MovieCategory.swift in Sources */ = {isa = PBXBuildFile; fileRef = 74E680E82E12CE98009DB348 /* MovieCategory.swift */; };
		74E680EB2E12CEE8009DB348 /* MovieDataSource.swift in Sources */ = {isa = PBXBuildFile; fileRef = 74E680EA2E12CEE8009DB348 /* MovieDataSource.swift */; };
		74E680ED2E13173B009DB348 /* TableGenreCell.swift in Sources */ = {isa = PBXBuildFile; fileRef = 74E680EC2E13173B009DB348 /* TableGenreCell.swift */; };
		74E680F12E13240C009DB348 /* CollectionGenreCell.swift in Sources */ = {isa = PBXBuildFile; fileRef = 74E680F02E13240C009DB348 /* CollectionGenreCell.swift */; };
		74FCE97C2E115639009730E0 /* AppDelegate.swift in Sources */ = {isa = PBXBuildFile; fileRef = 74FCE97B2E115639009730E0 /* AppDelegate.swift */; };
		74FCE97E2E115639009730E0 /* SceneDelegate.swift in Sources */ = {isa = PBXBuildFile; fileRef = 74FCE97D2E115639009730E0 /* SceneDelegate.swift */; };
		74FCE9832E115639009730E0 /* Main.storyboard in Resources */ = {isa = PBXBuildFile; fileRef = 74FCE9812E115639009730E0 /* Main.storyboard */; };
		74FCE9852E11563B009730E0 /* Assets.xcassets in Resources */ = {isa = PBXBuildFile; fileRef = 74FCE9842E11563B009730E0 /* Assets.xcassets */; };
		74FCE9882E11563B009730E0 /* LaunchScreen.storyboard in Resources */ = {isa = PBXBuildFile; fileRef = 74FCE9862E11563B009730E0 /* LaunchScreen.storyboard */; };
/* End PBXBuildFile section */

/* Begin PBXFileReference section */
		747DEACD2E128E3600333614 /* TableViewController.swift */ = {isa = PBXFileReference; lastKnownFileType = sourcecode.swift; path = TableViewController.swift; sourceTree = "<group>"; };
		748CDE8B2E1462C300B2FED0 /* CollectionPaginatiomMovieCell.swift */ = {isa = PBXFileReference; lastKnownFileType = sourcecode.swift; path = CollectionPaginatiomMovieCell.swift; sourceTree = "<group>"; };
		74E680D22E12AF5B009DB348 /* BaseNavigationController.swift */ = {isa = PBXFileReference; lastKnownFileType = sourcecode.swift; path = BaseNavigationController.swift; sourceTree = "<group>"; };
		74E680DC2E12C11D009DB348 /* UIView+Gradient.swift */ = {isa = PBXFileReference; lastKnownFileType = sourcecode.swift; path = "UIView+Gradient.swift"; sourceTree = "<group>"; };
		74E680DE2E12C7D6009DB348 /* Movie.swift */ = {isa = PBXFileReference; lastKnownFileType = sourcecode.swift; path = Movie.swift; sourceTree = "<group>"; };
		74E680E02E12CC84009DB348 /* TableMovieCell.swift */ = {isa = PBXFileReference; lastKnownFileType = sourcecode.swift; path = TableMovieCell.swift; sourceTree = "<group>"; };
		74E680E22E12CCB8009DB348 /* CollectionMovieCell.swift */ = {isa = PBXFileReference; lastKnownFileType = sourcecode.swift; path = CollectionMovieCell.swift; sourceTree = "<group>"; };
		74E680E42E12CDF2009DB348 /* NetworkManager.swift */ = {isa = PBXFileReference; lastKnownFileType = sourcecode.swift; path = NetworkManager.swift; sourceTree = "<group>"; };
		74E680E62E12CE33009DB348 /* Constants.swift */ = {isa = PBXFileReference; lastKnownFileType = sourcecode.swift; path = Constants.swift; sourceTree = "<group>"; };
		74E680E82E12CE98009DB348 /* MovieCategory.swift */ = {isa = PBXFileReference; lastKnownFileType = sourcecode.swift; path = MovieCategory.swift; sourceTree = "<group>"; };
		74E680EA2E12CEE8009DB348 /* MovieDataSource.swift */ = {isa = PBXFileReference; lastKnownFileType = sourcecode.swift; path = MovieDataSource.swift; sourceTree = "<group>"; };
		74E680EC2E13173B009DB348 /* TableGenreCell.swift */ = {isa = PBXFileReference; lastKnownFileType = sourcecode.swift; path = TableGenreCell.swift; sourceTree = "<group>"; };
		74E680F02E13240C009DB348 /* CollectionGenreCell.swift */ = {isa = PBXFileReference; lastKnownFileType = sourcecode.swift; path = CollectionGenreCell.swift; sourceTree = "<group>"; };
		74FCE9782E115639009730E0 /* CineNote.app */ = {isa = PBXFileReference; explicitFileType = wrapper.application; includeInIndex = 0; path = CineNote.app; sourceTree = BUILT_PRODUCTS_DIR; };
		74FCE97B2E115639009730E0 /* AppDelegate.swift */ = {isa = PBXFileReference; lastKnownFileType = sourcecode.swift; path = AppDelegate.swift; sourceTree = "<group>"; };
		74FCE97D2E115639009730E0 /* SceneDelegate.swift */ = {isa = PBXFileReference; lastKnownFileType = sourcecode.swift; path = SceneDelegate.swift; sourceTree = "<group>"; };
		74FCE9822E115639009730E0 /* Base */ = {isa = PBXFileReference; lastKnownFileType = file.storyboard; name = Base; path = Base.lproj/Main.storyboard; sourceTree = "<group>"; };
		74FCE9842E11563B009730E0 /* Assets.xcassets */ = {isa = PBXFileReference; lastKnownFileType = folder.assetcatalog; path = Assets.xcassets; sourceTree = "<group>"; };
		74FCE9872E11563B009730E0 /* Base */ = {isa = PBXFileReference; lastKnownFileType = file.storyboard; name = Base; path = Base.lproj/LaunchScreen.storyboard; sourceTree = "<group>"; };
		74FCE9892E11563B009730E0 /* Info.plist */ = {isa = PBXFileReference; lastKnownFileType = text.plist.xml; path = Info.plist; sourceTree = "<group>"; };
/* End PBXFileReference section */

/* Begin PBXFrameworksBuildPhase section */
		74FCE9752E115639009730E0 /* Frameworks */ = {
			isa = PBXFrameworksBuildPhase;
			buildActionMask = 2147483647;
			files = (
			);
			runOnlyForDeploymentPostprocessing = 0;
		};
/* End PBXFrameworksBuildPhase section */

/* Begin PBXGroup section */
		74E680D42E12BC29009DB348 /* Sourse */ = {
			isa = PBXGroup;
			children = (
				74FCE9842E11563B009730E0 /* Assets.xcassets */,
			);
			path = Sourse;
			sourceTree = "<group>";
		};
		74E680D52E12BC34009DB348 /* Extension */ = {
			isa = PBXGroup;
			children = (
				74E680DC2E12C11D009DB348 /* UIView+Gradient.swift */,
			);
			path = Extension;
			sourceTree = "<group>";
		};
		74E680D62E12BC38009DB348 /* Storyboards */ = {
			isa = PBXGroup;
			children = (
				74FCE9812E115639009730E0 /* Main.storyboard */,
				74FCE9862E11563B009730E0 /* LaunchScreen.storyboard */,
			);
			path = Storyboards;
			sourceTree = "<group>";
		};
		74E680D72E12BC3B009DB348 /* SupportingFiles */ = {
			isa = PBXGroup;
			children = (
				74E680E62E12CE33009DB348 /* Constants.swift */,
				74FCE97B2E115639009730E0 /* AppDelegate.swift */,
				74FCE97D2E115639009730E0 /* SceneDelegate.swift */,
				74FCE9892E11563B009730E0 /* Info.plist */,
			);
			path = SupportingFiles;
			sourceTree = "<group>";
		};
		74E680D82E12BC3F009DB348 /* Services */ = {
			isa = PBXGroup;
			children = (
				74E680E42E12CDF2009DB348 /* NetworkManager.swift */,
			);
			path = Services;
			sourceTree = "<group>";
		};
		74E680D92E12BC42009DB348 /* Views */ = {
			isa = PBXGroup;
			children = (
				74E680E02E12CC84009DB348 /* TableMovieCell.swift */,
				74E680E22E12CCB8009DB348 /* CollectionMovieCell.swift */,
				748CDE8B2E1462C300B2FED0 /* CollectionPaginatiomMovieCell.swift */,
				74E680EC2E13173B009DB348 /* TableGenreCell.swift */,
				74E680F02E13240C009DB348 /* CollectionGenreCell.swift */,
			);
			path = Views;
			sourceTree = "<group>";
		};
		74E680DA2E12BC44009DB348 /* ViewControllers */ = {
			isa = PBXGroup;
			children = (
				747DEACD2E128E3600333614 /* TableViewController.swift */,
				74E680D22E12AF5B009DB348 /* BaseNavigationController.swift */,
			);
			path = ViewControllers;
			sourceTree = "<group>";
		};
		74E680DB2E12BC52009DB348 /* Models */ = {
			isa = PBXGroup;
			children = (
				74E680DE2E12C7D6009DB348 /* Movie.swift */,
				74E680E82E12CE98009DB348 /* MovieCategory.swift */,
				74E680EA2E12CEE8009DB348 /* MovieDataSource.swift */,
			);
			path = Models;
			sourceTree = "<group>";
		};
		74FCE96F2E115639009730E0 = {
			isa = PBXGroup;
			children = (
				74FCE97A2E115639009730E0 /* CineNote */,
				74FCE9792E115639009730E0 /* Products */,
			);
			sourceTree = "<group>";
		};
		74FCE9792E115639009730E0 /* Products */ = {
			isa = PBXGroup;
			children = (
				74FCE9782E115639009730E0 /* CineNote.app */,
			);
			name = Products;
			sourceTree = "<group>";
		};
		74FCE97A2E115639009730E0 /* CineNote */ = {
			isa = PBXGroup;
			children = (
				74E680DB2E12BC52009DB348 /* Models */,
				74E680DA2E12BC44009DB348 /* ViewControllers */,
				74E680D92E12BC42009DB348 /* Views */,
				74E680D82E12BC3F009DB348 /* Services */,
				74E680D72E12BC3B009DB348 /* SupportingFiles */,
				74E680D62E12BC38009DB348 /* Storyboards */,
				74E680D52E12BC34009DB348 /* Extension */,
				74E680D42E12BC29009DB348 /* Sourse */,
			);
			path = CineNote;
			sourceTree = "<group>";
		};
/* End PBXGroup section */

/* Begin PBXNativeTarget section */
		74FCE9772E115639009730E0 /* CineNote */ = {
			isa = PBXNativeTarget;
			buildConfigurationList = 74FCE98C2E11563B009730E0 /* Build configuration list for PBXNativeTarget "CineNote" */;
			buildPhases = (
				74FCE9742E115639009730E0 /* Sources */,
				74FCE9752E115639009730E0 /* Frameworks */,
				74FCE9762E115639009730E0 /* Resources */,
			);
			buildRules = (
			);
			dependencies = (
			);
			name = CineNote;
			productName = CineNote;
			productReference = 74FCE9782E115639009730E0 /* CineNote.app */;
			productType = "com.apple.product-type.application";
		};
/* End PBXNativeTarget section */

/* Begin PBXProject section */
		74FCE9702E115639009730E0 /* Project object */ = {
			isa = PBXProject;
			attributes = {
				BuildIndependentTargetsInParallel = 1;
				LastSwiftUpdateCheck = 1420;
				LastUpgradeCheck = 1420;
				TargetAttributes = {
					74FCE9772E115639009730E0 = {
						CreatedOnToolsVersion = 14.2;
					};
				};
			};
			buildConfigurationList = 74FCE9732E115639009730E0 /* Build configuration list for PBXProject "CineNote" */;
			compatibilityVersion = "Xcode 14.0";
			developmentRegion = en;
			hasScannedForEncodings = 0;
			knownRegions = (
				en,
				Base,
			);
			mainGroup = 74FCE96F2E115639009730E0;
			productRefGroup = 74FCE9792E115639009730E0 /* Products */;
			projectDirPath = "";
			projectRoot = "";
			targets = (
				74FCE9772E115639009730E0 /* CineNote */,
			);
		};
/* End PBXProject section */

/* Begin PBXResourcesBuildPhase section */
		74FCE9762E115639009730E0 /* Resources */ = {
			isa = PBXResourcesBuildPhase;
			buildActionMask = 2147483647;
			files = (
				74FCE9882E11563B009730E0 /* LaunchScreen.storyboard in Resources */,
				74FCE9852E11563B009730E0 /* Assets.xcassets in Resources */,
				74FCE9832E115639009730E0 /* Main.storyboard in Resources */,
			);
			runOnlyForDeploymentPostprocessing = 0;
		};
/* End PBXResourcesBuildPhase section */

/* Begin PBXSourcesBuildPhase section */
		74FCE9742E115639009730E0 /* Sources */ = {
			isa = PBXSourcesBuildPhase;
			buildActionMask = 2147483647;
			files = (
				74E680E52E12CDF2009DB348 /* NetworkManager.swift in Sources */,
				74E680F12E13240C009DB348 /* CollectionGenreCell.swift in Sources */,
				748CDE8C2E1462C300B2FED0 /* CollectionPaginatiomMovieCell.swift in Sources */,
				74E680E32E12CCB8009DB348 /* CollectionMovieCell.swift in Sources */,
				74FCE97C2E115639009730E0 /* AppDelegate.swift in Sources */,
				74E680E92E12CE98009DB348 /* MovieCategory.swift in Sources */,
				74E680D32E12AF5B009DB348 /* BaseNavigationController.swift in Sources */,
				74E680DF2E12C7D6009DB348 /* Movie.swift in Sources */,
				74E680E72E12CE33009DB348 /* Constants.swift in Sources */,
				74E680EB2E12CEE8009DB348 /* MovieDataSource.swift in Sources */,
				747DEACE2E128E3600333614 /* TableViewController.swift in Sources */,
				74E680DD2E12C11D009DB348 /* UIView+Gradient.swift in Sources */,
				74E680E12E12CC84009DB348 /* TableMovieCell.swift in Sources */,
				74E680ED2E13173B009DB348 /* TableGenreCell.swift in Sources */,
				74FCE97E2E115639009730E0 /* SceneDelegate.swift in Sources */,
			);
			runOnlyForDeploymentPostprocessing = 0;
		};
/* End PBXSourcesBuildPhase section */

/* Begin PBXVariantGroup section */
		74FCE9812E115639009730E0 /* Main.storyboard */ = {
			isa = PBXVariantGroup;
			children = (
				74FCE9822E115639009730E0 /* Base */,
			);
			name = Main.storyboard;
			sourceTree = "<group>";
		};
		74FCE9862E11563B009730E0 /* LaunchScreen.storyboard */ = {
			isa = PBXVariantGroup;
			children = (
				74FCE9872E11563B009730E0 /* Base */,
			);
			name = LaunchScreen.storyboard;
			sourceTree = "<group>";
		};
/* End PBXVariantGroup section */

/* Begin XCBuildConfiguration section */
		74FCE98A2E11563B009730E0 /* Debug */ = {
			isa = XCBuildConfiguration;
			buildSettings = {
				ALWAYS_SEARCH_USER_PATHS = NO;
				CLANG_ANALYZER_NONNULL = YES;
				CLANG_ANALYZER_NUMBER_OBJECT_CONVERSION = YES_AGGRESSIVE;
				CLANG_CXX_LANGUAGE_STANDARD = "gnu++20";
				CLANG_ENABLE_MODULES = YES;
				CLANG_ENABLE_OBJC_ARC = YES;
				CLANG_ENABLE_OBJC_WEAK = YES;
				CLANG_WARN_BLOCK_CAPTURE_AUTORELEASING = YES;
				CLANG_WARN_BOOL_CONVERSION = YES;
				CLANG_WARN_COMMA = YES;
				CLANG_WARN_CONSTANT_CONVERSION = YES;
				CLANG_WARN_DEPRECATED_OBJC_IMPLEMENTATIONS = YES;
				CLANG_WARN_DIRECT_OBJC_ISA_USAGE = YES_ERROR;
				CLANG_WARN_DOCUMENTATION_COMMENTS = YES;
				CLANG_WARN_EMPTY_BODY = YES;
				CLANG_WARN_ENUM_CONVERSION = YES;
				CLANG_WARN_INFINITE_RECURSION = YES;
				CLANG_WARN_INT_CONVERSION = YES;
				CLANG_WARN_NON_LITERAL_NULL_CONVERSION = YES;
				CLANG_WARN_OBJC_IMPLICIT_RETAIN_SELF = YES;
				CLANG_WARN_OBJC_LITERAL_CONVERSION = YES;
				CLANG_WARN_OBJC_ROOT_CLASS = YES_ERROR;
				CLANG_WARN_QUOTED_INCLUDE_IN_FRAMEWORK_HEADER = YES;
				CLANG_WARN_RANGE_LOOP_ANALYSIS = YES;
				CLANG_WARN_STRICT_PROTOTYPES = YES;
				CLANG_WARN_SUSPICIOUS_MOVE = YES;
				CLANG_WARN_UNGUARDED_AVAILABILITY = YES_AGGRESSIVE;
				CLANG_WARN_UNREACHABLE_CODE = YES;
				CLANG_WARN__DUPLICATE_METHOD_MATCH = YES;
				COPY_PHASE_STRIP = NO;
				DEBUG_INFORMATION_FORMAT = dwarf;
				ENABLE_STRICT_OBJC_MSGSEND = YES;
				ENABLE_TESTABILITY = YES;
				GCC_C_LANGUAGE_STANDARD = gnu11;
				GCC_DYNAMIC_NO_PIC = NO;
				GCC_NO_COMMON_BLOCKS = YES;
				GCC_OPTIMIZATION_LEVEL = 0;
				GCC_PREPROCESSOR_DEFINITIONS = (
					"DEBUG=1",
					"$(inherited)",
				);
				GCC_WARN_64_TO_32_BIT_CONVERSION = YES;
				GCC_WARN_ABOUT_RETURN_TYPE = YES_ERROR;
				GCC_WARN_UNDECLARED_SELECTOR = YES;
				GCC_WARN_UNINITIALIZED_AUTOS = YES_AGGRESSIVE;
				GCC_WARN_UNUSED_FUNCTION = YES;
				GCC_WARN_UNUSED_VARIABLE = YES;
				IPHONEOS_DEPLOYMENT_TARGET = 16.2;
				MTL_ENABLE_DEBUG_INFO = INCLUDE_SOURCE;
				MTL_FAST_MATH = YES;
				ONLY_ACTIVE_ARCH = YES;
				SDKROOT = iphoneos;
				SWIFT_ACTIVE_COMPILATION_CONDITIONS = DEBUG;
				SWIFT_OPTIMIZATION_LEVEL = "-Onone";
			};
			name = Debug;
		};
		74FCE98B2E11563B009730E0 /* Release */ = {
			isa = XCBuildConfiguration;
			buildSettings = {
				ALWAYS_SEARCH_USER_PATHS = NO;
				CLANG_ANALYZER_NONNULL = YES;
				CLANG_ANALYZER_NUMBER_OBJECT_CONVERSION = YES_AGGRESSIVE;
				CLANG_CXX_LANGUAGE_STANDARD = "gnu++20";
				CLANG_ENABLE_MODULES = YES;
				CLANG_ENABLE_OBJC_ARC = YES;
				CLANG_ENABLE_OBJC_WEAK = YES;
				CLANG_WARN_BLOCK_CAPTURE_AUTORELEASING = YES;
				CLANG_WARN_BOOL_CONVERSION = YES;
				CLANG_WARN_COMMA = YES;
				CLANG_WARN_CONSTANT_CONVERSION = YES;
				CLANG_WARN_DEPRECATED_OBJC_IMPLEMENTATIONS = YES;
				CLANG_WARN_DIRECT_OBJC_ISA_USAGE = YES_ERROR;
				CLANG_WARN_DOCUMENTATION_COMMENTS = YES;
				CLANG_WARN_EMPTY_BODY = YES;
				CLANG_WARN_ENUM_CONVERSION = YES;
				CLANG_WARN_INFINITE_RECURSION = YES;
				CLANG_WARN_INT_CONVERSION = YES;
				CLANG_WARN_NON_LITERAL_NULL_CONVERSION = YES;
				CLANG_WARN_OBJC_IMPLICIT_RETAIN_SELF = YES;
				CLANG_WARN_OBJC_LITERAL_CONVERSION = YES;
				CLANG_WARN_OBJC_ROOT_CLASS = YES_ERROR;
				CLANG_WARN_QUOTED_INCLUDE_IN_FRAMEWORK_HEADER = YES;
				CLANG_WARN_RANGE_LOOP_ANALYSIS = YES;
				CLANG_WARN_STRICT_PROTOTYPES = YES;
				CLANG_WARN_SUSPICIOUS_MOVE = YES;
				CLANG_WARN_UNGUARDED_AVAILABILITY = YES_AGGRESSIVE;
				CLANG_WARN_UNREACHABLE_CODE = YES;
				CLANG_WARN__DUPLICATE_METHOD_MATCH = YES;
				COPY_PHASE_STRIP = NO;
				DEBUG_INFORMATION_FORMAT = "dwarf-with-dsym";
				ENABLE_NS_ASSERTIONS = NO;
				ENABLE_STRICT_OBJC_MSGSEND = YES;
				GCC_C_LANGUAGE_STANDARD = gnu11;
				GCC_NO_COMMON_BLOCKS = YES;
				GCC_WARN_64_TO_32_BIT_CONVERSION = YES;
				GCC_WARN_ABOUT_RETURN_TYPE = YES_ERROR;
				GCC_WARN_UNDECLARED_SELECTOR = YES;
				GCC_WARN_UNINITIALIZED_AUTOS = YES_AGGRESSIVE;
				GCC_WARN_UNUSED_FUNCTION = YES;
				GCC_WARN_UNUSED_VARIABLE = YES;
				IPHONEOS_DEPLOYMENT_TARGET = 16.2;
				MTL_ENABLE_DEBUG_INFO = NO;
				MTL_FAST_MATH = YES;
				SDKROOT = iphoneos;
				SWIFT_COMPILATION_MODE = wholemodule;
				SWIFT_OPTIMIZATION_LEVEL = "-O";
				VALIDATE_PRODUCT = YES;
			};
			name = Release;
		};
		74FCE98D2E11563B009730E0 /* Debug */ = {
			isa = XCBuildConfiguration;
			buildSettings = {
				ASSETCATALOG_COMPILER_APPICON_NAME = AppIcon;
				ASSETCATALOG_COMPILER_GLOBAL_ACCENT_COLOR_NAME = AccentColor;
				CODE_SIGN_STYLE = Automatic;
				CURRENT_PROJECT_VERSION = 1;
				DEVELOPMENT_TEAM = 7T366N6QTR;
				GENERATE_INFOPLIST_FILE = YES;
				INFOPLIST_FILE = CineNote/SupportingFiles/Info.plist;
				INFOPLIST_KEY_UIApplicationSupportsIndirectInputEvents = YES;
				INFOPLIST_KEY_UILaunchStoryboardName = LaunchScreen;
				INFOPLIST_KEY_UIMainStoryboardFile = Main;
				INFOPLIST_KEY_UISupportedInterfaceOrientations = UIInterfaceOrientationPortrait;
				INFOPLIST_KEY_UISupportedInterfaceOrientations_iPad = "UIInterfaceOrientationLandscapeLeft UIInterfaceOrientationLandscapeRight UIInterfaceOrientationPortrait UIInterfaceOrientationPortraitUpsideDown";
				LD_RUNPATH_SEARCH_PATHS = (
					"$(inherited)",
					"@executable_path/Frameworks",
				);
				MARKETING_VERSION = 1.0;
				PRODUCT_BUNDLE_IDENTIFIER = com.Manzhosov.Alexandr.CineNote;
				PRODUCT_NAME = "$(TARGET_NAME)";
				SUPPORTED_PLATFORMS = "iphoneos iphonesimulator";
				SUPPORTS_MACCATALYST = NO;
				SUPPORTS_MAC_DESIGNED_FOR_IPHONE_IPAD = NO;
				SWIFT_EMIT_LOC_STRINGS = YES;
				SWIFT_VERSION = 5.0;
				TARGETED_DEVICE_FAMILY = 1;
			};
			name = Debug;
		};
		74FCE98E2E11563B009730E0 /* Release */ = {
			isa = XCBuildConfiguration;
			buildSettings = {
				ASSETCATALOG_COMPILER_APPICON_NAME = AppIcon;
				ASSETCATALOG_COMPILER_GLOBAL_ACCENT_COLOR_NAME = AccentColor;
				CODE_SIGN_STYLE = Automatic;
				CURRENT_PROJECT_VERSION = 1;
				DEVELOPMENT_TEAM = 7T366N6QTR;
				GENERATE_INFOPLIST_FILE = YES;
				INFOPLIST_FILE = CineNote/SupportingFiles/Info.plist;
				INFOPLIST_KEY_UIApplicationSupportsIndirectInputEvents = YES;
				INFOPLIST_KEY_UILaunchStoryboardName = LaunchScreen;
				INFOPLIST_KEY_UIMainStoryboardFile = Main;
				INFOPLIST_KEY_UISupportedInterfaceOrientations = UIInterfaceOrientationPortrait;
				INFOPLIST_KEY_UISupportedInterfaceOrientations_iPad = "UIInterfaceOrientationLandscapeLeft UIInterfaceOrientationLandscapeRight UIInterfaceOrientationPortrait UIInterfaceOrientationPortraitUpsideDown";
				LD_RUNPATH_SEARCH_PATHS = (
					"$(inherited)",
					"@executable_path/Frameworks",
				);
				MARKETING_VERSION = 1.0;
				PRODUCT_BUNDLE_IDENTIFIER = com.Manzhosov.Alexandr.CineNote;
				PRODUCT_NAME = "$(TARGET_NAME)";
				SUPPORTED_PLATFORMS = "iphoneos iphonesimulator";
				SUPPORTS_MACCATALYST = NO;
				SUPPORTS_MAC_DESIGNED_FOR_IPHONE_IPAD = NO;
				SWIFT_EMIT_LOC_STRINGS = YES;
				SWIFT_VERSION = 5.0;
				TARGETED_DEVICE_FAMILY = 1;
			};
			name = Release;
		};
/* End XCBuildConfiguration section */

/* Begin XCConfigurationList section */
		74FCE9732E115639009730E0 /* Build configuration list for PBXProject "CineNote" */ = {
			isa = XCConfigurationList;
			buildConfigurations = (
				74FCE98A2E11563B009730E0 /* Debug */,
				74FCE98B2E11563B009730E0 /* Release */,
			);
			defaultConfigurationIsVisible = 0;
			defaultConfigurationName = Release;
		};
		74FCE98C2E11563B009730E0 /* Build configuration list for PBXNativeTarget "CineNote" */ = {
			isa = XCConfigurationList;
			buildConfigurations = (
				74FCE98D2E11563B009730E0 /* Debug */,
				74FCE98E2E11563B009730E0 /* Release */,
			);
			defaultConfigurationIsVisible = 0;
			defaultConfigurationName = Release;
		};
/* End XCConfigurationList section */
	};
	rootObject = 74FCE9702E115639009730E0 /* Project object */;
}
